
Microsoft Visual Studio Solution File, Format Version 12.00
# Visual Studio Version 17
VisualStudioVersion = 17.4.33213.308
MinimumVisualStudioVersion = 10.0.40219.1
Project("{8BC9CEB8-8B4A-11D0-8D11-00A0C91BC942}") = "godot-SVO-4.3", "godot-SVO-4.3.vcxproj", "{AADA436A-BBE1-4B52-912C-278AF7560C85}"
EndProject
Global
	GlobalSection(SolutionConfigurationPlatforms) = preSolution
		Debug|x64 = Debug|x64
		Debug|x86 = Debug|x86
		Release|x64 = Release|x64
		Release|x86 = Release|x86
	EndGlobalSection
	GlobalSection(ProjectConfigurationPlatforms) = postSolution
		{AADA436A-BBE1-4B52-912C-278AF7560C85}.Debug|x64.ActiveCfg = Debug|x64
		{AADA436A-BBE1-4B52-912C-278AF7560C85}.Debug|x64.Build.0 = Debug|x64
		{AADA436A-BBE1-4B52-912C-278AF7560C85}.Debug|x86.ActiveCfg = Debug|Win32
		{AADA436A-BBE1-4B52-912C-278AF7560C85}.Debug|x86.Build.0 = Debug|Win32
		{AADA436A-BBE1-4B52-912C-278AF7560C85}.Release|x64.ActiveCfg = Release|x64
		{AADA436A-BBE1-4B52-912C-278AF7560C85}.Release|x64.Build.0 = Release|x64
		{AADA436A-BBE1-4B52-912C-278AF7560C85}.Release|x86.ActiveCfg = Release|Win32
		{AADA436A-BBE1-4B52-912C-278AF7560C85}.Release|x86.Build.0 = Release|Win32
	EndGlobalSection
	GlobalSection(SolutionProperties) = preSolution
		HideSolutionNode = FALSE
	EndGlobalSection
	GlobalSection(ExtensibilityGlobals) = postSolution
		SolutionGuid = {48E4ADC2-24DE-413A-862C-D234AB07EFC7}
	EndGlobalSection
EndGlobal
